{
  "requires": true,
  "lockfileVersion": 1,
  "dependencies": {
    "iso-639-1": {
      "version": "2.1.8",
      "resolved": "https://registry.npmjs.org/iso-639-1/-/iso-639-1-2.1.8.tgz",
      "integrity": "sha512-Ol0R5oepQmWTMrlzSx8giSQ4hQsh2SZI/fsAy+nYc5O+RsYeixy2tsGUYJNadqqoOcbanSbFTqK17PRKpuNCAw=="
    }
  }
}
